
Microsoft Visual Studio Solution File, Format Version 12.00
# Visual Studio Version 16
VisualStudioVersion = 16.0.30611.23
MinimumVisualStudioVersion = 10.0.40219.1
Project("{FAE04EC0-301F-11D3-BF4B-00C04F79EFBC}") = "Kelly_LinkedListSearch", "Kelly_LinkedListSearch\Kelly_LinkedListSearch.csproj", "{CEE49BBD-3960-4CCF-9A68-103CECD998A9}"
EndProject
Global
	GlobalSection(SolutionConfigurationPlatforms) = preSolution
		Debug|Any CPU = Debug|Any CPU
		Release|Any CPU = Release|Any CPU
	EndGlobalSection
	GlobalSection(ProjectConfigurationPlatforms) = postSolution
		{CEE49BBD-3960-4CCF-9A68-103CECD998A9}.Debug|Any CPU.ActiveCfg = Debug|Any CPU
		{CEE49BBD-3960-4CCF-9A68-103CECD998A9}.Debug|Any CPU.Build.0 = Debug|Any CPU
		{CEE49BBD-3960-4CCF-9A68-103CECD998A9}.Release|Any CPU.ActiveCfg = Release|Any CPU
		{CEE49BBD-3960-4CCF-9A68-103CECD998A9}.Release|Any CPU.Build.0 = Release|Any CPU
	EndGlobalSection
	GlobalSection(SolutionProperties) = preSolution
		HideSolutionNode = FALSE
	EndGlobalSection
	GlobalSection(ExtensibilityGlobals) = postSolution
		SolutionGuid = {2BDD0774-B1EE-44A3-ABB1-8BAEAC64F169}
	EndGlobalSection
EndGlobal
